// !$*UTF8*$!
{
	archiveVersion = 1;
	classes = {
	};
	objectVersion = 55;
	objects = {

/* Begin PBXBuildFile section */
		F43CF62D28BC82EC00B187A3 /* WinView.swift in Sources */ = {isa = PBXBuildFile; fileRef = F43CF62C28BC82EC00B187A3 /* WinView.swift */; };
		F43CF63928BCF25A00B187A3 /* bet-chip.mp3 in Resources */ = {isa = PBXBuildFile; fileRef = F43CF63128BCF25A00B187A3 /* bet-chip.mp3 */; };
		F43CF63A28BCF25A00B187A3 /* blink.mp3 in Resources */ = {isa = PBXBuildFile; fileRef = F43CF63228BCF25A00B187A3 /* blink.mp3 */; };
		F43CF63B28BCF25A00B187A3 /* winning.mp3 in Resources */ = {isa = PBXBuildFile; fileRef = F43CF63328BCF25A00B187A3 /* winning.mp3 */; };
		F43CF63C28BCF25A00B187A3 /* spin.mp3 in Resources */ = {isa = PBXBuildFile; fileRef = F43CF63428BCF25A00B187A3 /* spin.mp3 */; };
		F43CF63D28BCF25A00B187A3 /* gameover.mp3 in Resources */ = {isa = PBXBuildFile; fileRef = F43CF63528BCF25A00B187A3 /* gameover.mp3 */; };
		F43CF63E28BCF25A00B187A3 /* drum-music.mp3 in Resources */ = {isa = PBXBuildFile; fileRef = F43CF63628BCF25A00B187A3 /* drum-music.mp3 */; };
		F43CF63F28BCF25A00B187A3 /* highscore.mp3 in Resources */ = {isa = PBXBuildFile; fileRef = F43CF63728BCF25A00B187A3 /* highscore.mp3 */; };
		F43CF64028BCF25A00B187A3 /* ring-up.mp3 in Resources */ = {isa = PBXBuildFile; fileRef = F43CF63828BCF25A00B187A3 /* ring-up.mp3 */; };
		F43CF64228BCF28900B187A3 /* PlaySound.swift in Sources */ = {isa = PBXBuildFile; fileRef = F43CF64128BCF28900B187A3 /* PlaySound.swift */; };
		F43CF64428BCF44400B187A3 /* HowToPlay.swift in Sources */ = {isa = PBXBuildFile; fileRef = F43CF64328BCF44400B187A3 /* HowToPlay.swift */; };
		F4AD594228BB7951000E4DB1 /* ZanzibarApp.swift in Sources */ = {isa = PBXBuildFile; fileRef = F4AD594128BB7951000E4DB1 /* ZanzibarApp.swift */; };
		F4AD594628BB7952000E4DB1 /* Assets.xcassets in Resources */ = {isa = PBXBuildFile; fileRef = F4AD594528BB7952000E4DB1 /* Assets.xcassets */; };
		F4AD594928BB7952000E4DB1 /* Preview Assets.xcassets in Resources */ = {isa = PBXBuildFile; fileRef = F4AD594828BB7952000E4DB1 /* Preview Assets.xcassets */; };
		F4AD595128BB798A000E4DB1 /* SettingView.swift in Sources */ = {isa = PBXBuildFile; fileRef = F4AD595028BB798A000E4DB1 /* SettingView.swift */; };
		F4AD595328BB7995000E4DB1 /* MenuView.swift in Sources */ = {isa = PBXBuildFile; fileRef = F4AD595228BB7995000E4DB1 /* MenuView.swift */; };
		F4AD595528BB799E000E4DB1 /* ButtonView.swift in Sources */ = {isa = PBXBuildFile; fileRef = F4AD595428BB799E000E4DB1 /* ButtonView.swift */; };
		F4AD595728BB79A7000E4DB1 /* Leaderboard.swift in Sources */ = {isa = PBXBuildFile; fileRef = F4AD595628BB79A7000E4DB1 /* Leaderboard.swift */; };
		F4AD595928BB79B2000E4DB1 /* SelectMenu.swift in Sources */ = {isa = PBXBuildFile; fileRef = F4AD595828BB79B2000E4DB1 /* SelectMenu.swift */; };
		F4AD595B28BB79BD000E4DB1 /* LevelView.swift in Sources */ = {isa = PBXBuildFile; fileRef = F4AD595A28BB79BD000E4DB1 /* LevelView.swift */; };
		F4AD595D28BB79CA000E4DB1 /* EasyPlay.swift in Sources */ = {isa = PBXBuildFile; fileRef = F4AD595C28BB79CA000E4DB1 /* EasyPlay.swift */; };
		F4AD595F28BB79D2000E4DB1 /* NormalPlay.swift in Sources */ = {isa = PBXBuildFile; fileRef = F4AD595E28BB79D2000E4DB1 /* NormalPlay.swift */; };
		F4AD596128BB79D9000E4DB1 /* HardPlay.swift in Sources */ = {isa = PBXBuildFile; fileRef = F4AD596028BB79D9000E4DB1 /* HardPlay.swift */; };
		F4AD596328BB79E9000E4DB1 /* PlayerRow.swift in Sources */ = {isa = PBXBuildFile; fileRef = F4AD596228BB79E9000E4DB1 /* PlayerRow.swift */; };
		F4AD596628BB7A5B000E4DB1 /* GamePlay.swift in Sources */ = {isa = PBXBuildFile; fileRef = F4AD596528BB7A5B000E4DB1 /* GamePlay.swift */; };
		F4AD596828BB7A68000E4DB1 /* Player.swift in Sources */ = {isa = PBXBuildFile; fileRef = F4AD596728BB7A68000E4DB1 /* Player.swift */; };
		F4AD596A28BB7A71000E4DB1 /* myColor.swift in Sources */ = {isa = PBXBuildFile; fileRef = F4AD596928BB7A71000E4DB1 /* myColor.swift */; };
/* End PBXBuildFile section */

/* Begin PBXFileReference section */
		F43CF62C28BC82EC00B187A3 /* WinView.swift */ = {isa = PBXFileReference; lastKnownFileType = sourcecode.swift; path = WinView.swift; sourceTree = "<group>"; };
		F43CF63128BCF25A00B187A3 /* bet-chip.mp3 */ = {isa = PBXFileReference; lastKnownFileType = audio.mp3; path = "bet-chip.mp3"; sourceTree = "<group>"; };
		F43CF63228BCF25A00B187A3 /* blink.mp3 */ = {isa = PBXFileReference; lastKnownFileType = audio.mp3; path = blink.mp3; sourceTree = "<group>"; };
		F43CF63328BCF25A00B187A3 /* winning.mp3 */ = {isa = PBXFileReference; lastKnownFileType = audio.mp3; path = winning.mp3; sourceTree = "<group>"; };
		F43CF63428BCF25A00B187A3 /* spin.mp3 */ = {isa = PBXFileReference; lastKnownFileType = audio.mp3; path = spin.mp3; sourceTree = "<group>"; };
		F43CF63528BCF25A00B187A3 /* gameover.mp3 */ = {isa = PBXFileReference; lastKnownFileType = audio.mp3; path = gameover.mp3; sourceTree = "<group>"; };
		F43CF63628BCF25A00B187A3 /* drum-music.mp3 */ = {isa = PBXFileReference; lastKnownFileType = audio.mp3; path = "drum-music.mp3"; sourceTree = "<group>"; };
		F43CF63728BCF25A00B187A3 /* highscore.mp3 */ = {isa = PBXFileReference; lastKnownFileType = audio.mp3; path = highscore.mp3; sourceTree = "<group>"; };
		F43CF63828BCF25A00B187A3 /* ring-up.mp3 */ = {isa = PBXFileReference; lastKnownFileType = audio.mp3; path = "ring-up.mp3"; sourceTree = "<group>"; };
		F43CF64128BCF28900B187A3 /* PlaySound.swift */ = {isa = PBXFileReference; fileEncoding = 4; lastKnownFileType = sourcecode.swift; path = PlaySound.swift; sourceTree = "<group>"; };
		F43CF64328BCF44400B187A3 /* HowToPlay.swift */ = {isa = PBXFileReference; lastKnownFileType = sourcecode.swift; path = HowToPlay.swift; sourceTree = "<group>"; };
		F43CF64528BCF8E300B187A3 /* Zanzibar.entitlements */ = {isa = PBXFileReference; lastKnownFileType = text.plist.entitlements; path = Zanzibar.entitlements; sourceTree = "<group>"; };
		F4AD593E28BB7951000E4DB1 /* Zanzibar.app */ = {isa = PBXFileReference; explicitFileType = wrapper.application; includeInIndex = 0; path = Zanzibar.app; sourceTree = BUILT_PRODUCTS_DIR; };
		F4AD594128BB7951000E4DB1 /* ZanzibarApp.swift */ = {isa = PBXFileReference; lastKnownFileType = sourcecode.swift; path = ZanzibarApp.swift; sourceTree = "<group>"; };
		F4AD594528BB7952000E4DB1 /* Assets.xcassets */ = {isa = PBXFileReference; lastKnownFileType = folder.assetcatalog; path = Assets.xcassets; sourceTree = "<group>"; };
		F4AD594828BB7952000E4DB1 /* Preview Assets.xcassets */ = {isa = PBXFileReference; lastKnownFileType = folder.assetcatalog; path = "Preview Assets.xcassets"; sourceTree = "<group>"; };
		F4AD595028BB798A000E4DB1 /* SettingView.swift */ = {isa = PBXFileReference; lastKnownFileType = sourcecode.swift; path = SettingView.swift; sourceTree = "<group>"; };
		F4AD595228BB7995000E4DB1 /* MenuView.swift */ = {isa = PBXFileReference; lastKnownFileType = sourcecode.swift; path = MenuView.swift; sourceTree = "<group>"; };
		F4AD595428BB799E000E4DB1 /* ButtonView.swift */ = {isa = PBXFileReference; lastKnownFileType = sourcecode.swift; path = ButtonView.swift; sourceTree = "<group>"; };
		F4AD595628BB79A7000E4DB1 /* Leaderboard.swift */ = {isa = PBXFileReference; lastKnownFileType = sourcecode.swift; path = Leaderboard.swift; sourceTree = "<group>"; };
		F4AD595828BB79B2000E4DB1 /* SelectMenu.swift */ = {isa = PBXFileReference; lastKnownFileType = sourcecode.swift; path = SelectMenu.swift; sourceTree = "<group>"; };
		F4AD595A28BB79BD000E4DB1 /* LevelView.swift */ = {isa = PBXFileReference; lastKnownFileType = sourcecode.swift; path = LevelView.swift; sourceTree = "<group>"; };
		F4AD595C28BB79CA000E4DB1 /* EasyPlay.swift */ = {isa = PBXFileReference; lastKnownFileType = sourcecode.swift; path = EasyPlay.swift; sourceTree = "<group>"; };
		F4AD595E28BB79D2000E4DB1 /* NormalPlay.swift */ = {isa = PBXFileReference; lastKnownFileType = sourcecode.swift; path = NormalPlay.swift; sourceTree = "<group>"; };
		F4AD596028BB79D9000E4DB1 /* HardPlay.swift */ = {isa = PBXFileReference; lastKnownFileType = sourcecode.swift; path = HardPlay.swift; sourceTree = "<group>"; };
		F4AD596228BB79E9000E4DB1 /* PlayerRow.swift */ = {isa = PBXFileReference; lastKnownFileType = sourcecode.swift; path = PlayerRow.swift; sourceTree = "<group>"; };
		F4AD596528BB7A5B000E4DB1 /* GamePlay.swift */ = {isa = PBXFileReference; lastKnownFileType = sourcecode.swift; path = GamePlay.swift; sourceTree = "<group>"; };
		F4AD596728BB7A68000E4DB1 /* Player.swift */ = {isa = PBXFileReference; lastKnownFileType = sourcecode.swift; path = Player.swift; sourceTree = "<group>"; };
		F4AD596928BB7A71000E4DB1 /* myColor.swift */ = {isa = PBXFileReference; lastKnownFileType = sourcecode.swift; path = myColor.swift; sourceTree = "<group>"; };
/* End PBXFileReference section */

/* Begin PBXFrameworksBuildPhase section */
		F4AD593B28BB7951000E4DB1 /* Frameworks */ = {
			isa = PBXFrameworksBuildPhase;
			buildActionMask = 2147483647;
			files = (
			);
			runOnlyForDeploymentPostprocessing = 0;
		};
/* End PBXFrameworksBuildPhase section */

/* Begin PBXGroup section */
		F43CF63028BCF25A00B187A3 /* Sounds */ = {
			isa = PBXGroup;
			children = (
				F43CF63128BCF25A00B187A3 /* bet-chip.mp3 */,
				F43CF63228BCF25A00B187A3 /* blink.mp3 */,
				F43CF63328BCF25A00B187A3 /* winning.mp3 */,
				F43CF63428BCF25A00B187A3 /* spin.mp3 */,
				F43CF63528BCF25A00B187A3 /* gameover.mp3 */,
				F43CF63628BCF25A00B187A3 /* drum-music.mp3 */,
				F43CF63728BCF25A00B187A3 /* highscore.mp3 */,
				F43CF63828BCF25A00B187A3 /* ring-up.mp3 */,
			);
			path = Sounds;
			sourceTree = "<group>";
		};
		F4AD593528BB7951000E4DB1 = {
			isa = PBXGroup;
			children = (
				F4AD594028BB7951000E4DB1 /* Zanzibar */,
				F4AD593F28BB7951000E4DB1 /* Products */,
			);
			sourceTree = "<group>";
		};
		F4AD593F28BB7951000E4DB1 /* Products */ = {
			isa = PBXGroup;
			children = (
				F4AD593E28BB7951000E4DB1 /* Zanzibar.app */,
			);
			name = Products;
			sourceTree = "<group>";
		};
		F4AD594028BB7951000E4DB1 /* Zanzibar */ = {
			isa = PBXGroup;
			children = (
				F43CF64528BCF8E300B187A3 /* Zanzibar.entitlements */,
				F43CF63028BCF25A00B187A3 /* Sounds */,
				F4AD596428BB7A48000E4DB1 /* Model */,
				F4AD594F28BB7963000E4DB1 /* Views */,
				F4AD594128BB7951000E4DB1 /* ZanzibarApp.swift */,
				F4AD594528BB7952000E4DB1 /* Assets.xcassets */,
				F4AD594728BB7952000E4DB1 /* Preview Content */,
			);
			path = Zanzibar;
			sourceTree = "<group>";
		};
		F4AD594728BB7952000E4DB1 /* Preview Content */ = {
			isa = PBXGroup;
			children = (
				F4AD594828BB7952000E4DB1 /* Preview Assets.xcassets */,
			);
			path = "Preview Content";
			sourceTree = "<group>";
		};
		F4AD594F28BB7963000E4DB1 /* Views */ = {
			isa = PBXGroup;
			children = (
				F4AD595028BB798A000E4DB1 /* SettingView.swift */,
				F4AD595228BB7995000E4DB1 /* MenuView.swift */,
				F4AD595428BB799E000E4DB1 /* ButtonView.swift */,
				F4AD595628BB79A7000E4DB1 /* Leaderboard.swift */,
				F4AD595828BB79B2000E4DB1 /* SelectMenu.swift */,
				F4AD595A28BB79BD000E4DB1 /* LevelView.swift */,
				F4AD595C28BB79CA000E4DB1 /* EasyPlay.swift */,
				F4AD595E28BB79D2000E4DB1 /* NormalPlay.swift */,
				F4AD596028BB79D9000E4DB1 /* HardPlay.swift */,
				F4AD596228BB79E9000E4DB1 /* PlayerRow.swift */,
				F43CF62C28BC82EC00B187A3 /* WinView.swift */,
				F43CF64328BCF44400B187A3 /* HowToPlay.swift */,
			);
			path = Views;
			sourceTree = "<group>";
		};
		F4AD596428BB7A48000E4DB1 /* Model */ = {
			isa = PBXGroup;
			children = (
				F43CF64128BCF28900B187A3 /* PlaySound.swift */,
				F4AD596528BB7A5B000E4DB1 /* GamePlay.swift */,
				F4AD596728BB7A68000E4DB1 /* Player.swift */,
				F4AD596928BB7A71000E4DB1 /* myColor.swift */,
			);
			path = Model;
			sourceTree = "<group>";
		};
/* End PBXGroup section */

/* Begin PBXNativeTarget section */
		F4AD593D28BB7951000E4DB1 /* Zanzibar */ = {
			isa = PBXNativeTarget;
			buildConfigurationList = F4AD594C28BB7952000E4DB1 /* Build configuration list for PBXNativeTarget "Zanzibar" */;
			buildPhases = (
				F4AD593A28BB7951000E4DB1 /* Sources */,
				F4AD593B28BB7951000E4DB1 /* Frameworks */,
				F4AD593C28BB7951000E4DB1 /* Resources */,
			);
			buildRules = (
			);
			dependencies = (
			);
			name = Zanzibar;
			productName = Zanzibar;
			productReference = F4AD593E28BB7951000E4DB1 /* Zanzibar.app */;
			productType = "com.apple.product-type.application";
		};
/* End PBXNativeTarget section */

/* Begin PBXProject section */
		F4AD593628BB7951000E4DB1 /* Project object */ = {
			isa = PBXProject;
			attributes = {
				BuildIndependentTargetsInParallel = 1;
				LastSwiftUpdateCheck = 1340;
				LastUpgradeCheck = 1340;
				TargetAttributes = {
					F4AD593D28BB7951000E4DB1 = {
						CreatedOnToolsVersion = 13.4.1;
					};
				};
			};
			buildConfigurationList = F4AD593928BB7951000E4DB1 /* Build configuration list for PBXProject "Zanzibar" */;
			compatibilityVersion = "Xcode 13.0";
			developmentRegion = en;
			hasScannedForEncodings = 0;
			knownRegions = (
				en,
				Base,
			);
			mainGroup = F4AD593528BB7951000E4DB1;
			productRefGroup = F4AD593F28BB7951000E4DB1 /* Products */;
			projectDirPath = "";
			projectRoot = "";
			targets = (
				F4AD593D28BB7951000E4DB1 /* Zanzibar */,
			);
		};
/* End PBXProject section */

/* Begin PBXResourcesBuildPhase section */
		F4AD593C28BB7951000E4DB1 /* Resources */ = {
			isa = PBXResourcesBuildPhase;
			buildActionMask = 2147483647;
			files = (
				F43CF63F28BCF25A00B187A3 /* highscore.mp3 in Resources */,
				F43CF64028BCF25A00B187A3 /* ring-up.mp3 in Resources */,
				F43CF63D28BCF25A00B187A3 /* gameover.mp3 in Resources */,
				F4AD594928BB7952000E4DB1 /* Preview Assets.xcassets in Resources */,
				F43CF63E28BCF25A00B187A3 /* drum-music.mp3 in Resources */,
				F43CF63928BCF25A00B187A3 /* bet-chip.mp3 in Resources */,
				F43CF63C28BCF25A00B187A3 /* spin.mp3 in Resources */,
				F4AD594628BB7952000E4DB1 /* Assets.xcassets in Resources */,
				F43CF63A28BCF25A00B187A3 /* blink.mp3 in Resources */,
				F43CF63B28BCF25A00B187A3 /* winning.mp3 in Resources */,
			);
			runOnlyForDeploymentPostprocessing = 0;
		};
/* End PBXResourcesBuildPhase section */

/* Begin PBXSourcesBuildPhase section */
		F4AD593A28BB7951000E4DB1 /* Sources */ = {
			isa = PBXSourcesBuildPhase;
			buildActionMask = 2147483647;
			files = (
				F4AD595128BB798A000E4DB1 /* SettingView.swift in Sources */,
				F43CF62D28BC82EC00B187A3 /* WinView.swift in Sources */,
				F4AD595728BB79A7000E4DB1 /* Leaderboard.swift in Sources */,
				F4AD595328BB7995000E4DB1 /* MenuView.swift in Sources */,
				F4AD596628BB7A5B000E4DB1 /* GamePlay.swift in Sources */,
				F4AD596828BB7A68000E4DB1 /* Player.swift in Sources */,
				F4AD595928BB79B2000E4DB1 /* SelectMenu.swift in Sources */,
				F43CF64428BCF44400B187A3 /* HowToPlay.swift in Sources */,
				F4AD596A28BB7A71000E4DB1 /* myColor.swift in Sources */,
				F4AD595528BB799E000E4DB1 /* ButtonView.swift in Sources */,
				F4AD595D28BB79CA000E4DB1 /* EasyPlay.swift in Sources */,
				F4AD595B28BB79BD000E4DB1 /* LevelView.swift in Sources */,
				F4AD595F28BB79D2000E4DB1 /* NormalPlay.swift in Sources */,
				F4AD596128BB79D9000E4DB1 /* HardPlay.swift in Sources */,
				F4AD594228BB7951000E4DB1 /* ZanzibarApp.swift in Sources */,
				F4AD596328BB79E9000E4DB1 /* PlayerRow.swift in Sources */,
				F43CF64228BCF28900B187A3 /* PlaySound.swift in Sources */,
			);
			runOnlyForDeploymentPostprocessing = 0;
		};
/* End PBXSourcesBuildPhase section */

/* Begin XCBuildConfiguration section */
		F4AD594A28BB7952000E4DB1 /* Debug */ = {
			isa = XCBuildConfiguration;
			buildSettings = {
				ALWAYS_SEARCH_USER_PATHS = NO;
				CLANG_ANALYZER_NONNULL = YES;
				CLANG_ANALYZER_NUMBER_OBJECT_CONVERSION = YES_AGGRESSIVE;
				CLANG_CXX_LANGUAGE_STANDARD = "gnu++17";
				CLANG_ENABLE_MODULES = YES;
				CLANG_ENABLE_OBJC_ARC = YES;
				CLANG_ENABLE_OBJC_WEAK = YES;
				CLANG_WARN_BLOCK_CAPTURE_AUTORELEASING = YES;
				CLANG_WARN_BOOL_CONVERSION = YES;
				CLANG_WARN_COMMA = YES;
				CLANG_WARN_CONSTANT_CONVERSION = YES;
				CLANG_WARN_DEPRECATED_OBJC_IMPLEMENTATIONS = YES;
				CLANG_WARN_DIRECT_OBJC_ISA_USAGE = YES_ERROR;
				CLANG_WARN_DOCUMENTATION_COMMENTS = YES;
				CLANG_WARN_EMPTY_BODY = YES;
				CLANG_WARN_ENUM_CONVERSION = YES;
				CLANG_WARN_INFINITE_RECURSION = YES;
				CLANG_WARN_INT_CONVERSION = YES;
				CLANG_WARN_NON_LITERAL_NULL_CONVERSION = YES;
				CLANG_WARN_OBJC_IMPLICIT_RETAIN_SELF = YES;
				CLANG_WARN_OBJC_LITERAL_CONVERSION = YES;
				CLANG_WARN_OBJC_ROOT_CLASS = YES_ERROR;
				CLANG_WARN_QUOTED_INCLUDE_IN_FRAMEWORK_HEADER = YES;
				CLANG_WARN_RANGE_LOOP_ANALYSIS = YES;
				CLANG_WARN_STRICT_PROTOTYPES = YES;
				CLANG_WARN_SUSPICIOUS_MOVE = YES;
				CLANG_WARN_UNGUARDED_AVAILABILITY = YES_AGGRESSIVE;
				CLANG_WARN_UNREACHABLE_CODE = YES;
				CLANG_WARN__DUPLICATE_METHOD_MATCH = YES;
				COPY_PHASE_STRIP = NO;
				DEBUG_INFORMATION_FORMAT = dwarf;
				ENABLE_STRICT_OBJC_MSGSEND = YES;
				ENABLE_TESTABILITY = YES;
				GCC_C_LANGUAGE_STANDARD = gnu11;
				GCC_DYNAMIC_NO_PIC = NO;
				GCC_NO_COMMON_BLOCKS = YES;
				GCC_OPTIMIZATION_LEVEL = 0;
				GCC_PREPROCESSOR_DEFINITIONS = (
					"DEBUG=1",
					"$(inherited)",
				);
				GCC_WARN_64_TO_32_BIT_CONVERSION = YES;
				GCC_WARN_ABOUT_RETURN_TYPE = YES_ERROR;
				GCC_WARN_UNDECLARED_SELECTOR = YES;
				GCC_WARN_UNINITIALIZED_AUTOS = YES_AGGRESSIVE;
				GCC_WARN_UNUSED_FUNCTION = YES;
				GCC_WARN_UNUSED_VARIABLE = YES;
				IPHONEOS_DEPLOYMENT_TARGET = 15.5;
				MTL_ENABLE_DEBUG_INFO = INCLUDE_SOURCE;
				MTL_FAST_MATH = YES;
				ONLY_ACTIVE_ARCH = YES;
				SDKROOT = iphoneos;
				SWIFT_ACTIVE_COMPILATION_CONDITIONS = DEBUG;
				SWIFT_OPTIMIZATION_LEVEL = "-Onone";
			};
			name = Debug;
		};
		F4AD594B28BB7952000E4DB1 /* Release */ = {
			isa = XCBuildConfiguration;
			buildSettings = {
				ALWAYS_SEARCH_USER_PATHS = NO;
				CLANG_ANALYZER_NONNULL = YES;
				CLANG_ANALYZER_NUMBER_OBJECT_CONVERSION = YES_AGGRESSIVE;
				CLANG_CXX_LANGUAGE_STANDARD = "gnu++17";
				CLANG_ENABLE_MODULES = YES;
				CLANG_ENABLE_OBJC_ARC = YES;
				CLANG_ENABLE_OBJC_WEAK = YES;
				CLANG_WARN_BLOCK_CAPTURE_AUTORELEASING = YES;
				CLANG_WARN_BOOL_CONVERSION = YES;
				CLANG_WARN_COMMA = YES;
				CLANG_WARN_CONSTANT_CONVERSION = YES;
				CLANG_WARN_DEPRECATED_OBJC_IMPLEMENTATIONS = YES;
				CLANG_WARN_DIRECT_OBJC_ISA_USAGE = YES_ERROR;
				CLANG_WARN_DOCUMENTATION_COMMENTS = YES;
				CLANG_WARN_EMPTY_BODY = YES;
				CLANG_WARN_ENUM_CONVERSION = YES;
				CLANG_WARN_INFINITE_RECURSION = YES;
				CLANG_WARN_INT_CONVERSION = YES;
				CLANG_WARN_NON_LITERAL_NULL_CONVERSION = YES;
				CLANG_WARN_OBJC_IMPLICIT_RETAIN_SELF = YES;
				CLANG_WARN_OBJC_LITERAL_CONVERSION = YES;
				CLANG_WARN_OBJC_ROOT_CLASS = YES_ERROR;
				CLANG_WARN_QUOTED_INCLUDE_IN_FRAMEWORK_HEADER = YES;
				CLANG_WARN_RANGE_LOOP_ANALYSIS = YES;
				CLANG_WARN_STRICT_PROTOTYPES = YES;
				CLANG_WARN_SUSPICIOUS_MOVE = YES;
				CLANG_WARN_UNGUARDED_AVAILABILITY = YES_AGGRESSIVE;
				CLANG_WARN_UNREACHABLE_CODE = YES;
				CLANG_WARN__DUPLICATE_METHOD_MATCH = YES;
				COPY_PHASE_STRIP = NO;
				DEBUG_INFORMATION_FORMAT = "dwarf-with-dsym";
				ENABLE_NS_ASSERTIONS = NO;
				ENABLE_STRICT_OBJC_MSGSEND = YES;
				GCC_C_LANGUAGE_STANDARD = gnu11;
				GCC_NO_COMMON_BLOCKS = YES;
				GCC_WARN_64_TO_32_BIT_CONVERSION = YES;
				GCC_WARN_ABOUT_RETURN_TYPE = YES_ERROR;
				GCC_WARN_UNDECLARED_SELECTOR = YES;
				GCC_WARN_UNINITIALIZED_AUTOS = YES_AGGRESSIVE;
				GCC_WARN_UNUSED_FUNCTION = YES;
				GCC_WARN_UNUSED_VARIABLE = YES;
				IPHONEOS_DEPLOYMENT_TARGET = 15.5;
				MTL_ENABLE_DEBUG_INFO = NO;
				MTL_FAST_MATH = YES;
				SDKROOT = iphoneos;
				SWIFT_COMPILATION_MODE = wholemodule;
				SWIFT_OPTIMIZATION_LEVEL = "-O";
				VALIDATE_PRODUCT = YES;
			};
			name = Release;
		};
		F4AD594D28BB7952000E4DB1 /* Debug */ = {
			isa = XCBuildConfiguration;
			buildSettings = {
				ASSETCATALOG_COMPILER_APPICON_NAME = AppIcon;
				ASSETCATALOG_COMPILER_GLOBAL_ACCENT_COLOR_NAME = AccentColor;
				CODE_SIGN_ENTITLEMENTS = Zanzibar/Zanzibar.entitlements;
				CODE_SIGN_STYLE = Automatic;
				CURRENT_PROJECT_VERSION = 1;
				DEVELOPMENT_ASSET_PATHS = "\"Zanzibar/Preview Content\"";
				DEVELOPMENT_TEAM = A397Q3FW3Q;
				ENABLE_PREVIEWS = YES;
				GENERATE_INFOPLIST_FILE = YES;
				INFOPLIST_KEY_UIApplicationSceneManifest_Generation = YES;
				INFOPLIST_KEY_UIApplicationSupportsIndirectInputEvents = YES;
				INFOPLIST_KEY_UILaunchScreen_Generation = YES;
				INFOPLIST_KEY_UISupportedInterfaceOrientations_iPad = "UIInterfaceOrientationPortrait UIInterfaceOrientationPortraitUpsideDown UIInterfaceOrientationLandscapeLeft UIInterfaceOrientationLandscapeRight";
				INFOPLIST_KEY_UISupportedInterfaceOrientations_iPhone = "UIInterfaceOrientationPortrait UIInterfaceOrientationLandscapeLeft UIInterfaceOrientationLandscapeRight";
				LD_RUNPATH_SEARCH_PATHS = (
					"$(inherited)",
					"@executable_path/Frameworks",
				);
				MARKETING_VERSION = 1.0;
				PRODUCT_BUNDLE_IDENTIFIER = vn.edu.rmit.alice.Zanzibar;
				PRODUCT_NAME = "$(TARGET_NAME)";
				SUPPORTS_MACCATALYST = YES;
				SWIFT_EMIT_LOC_STRINGS = YES;
				SWIFT_VERSION = 5.0;
				TARGETED_DEVICE_FAMILY = "1,2";
			};
			name = Debug;
		};
		F4AD594E28BB7952000E4DB1 /* Release */ = {
			isa = XCBuildConfiguration;
			buildSettings = {
				ASSETCATALOG_COMPILER_APPICON_NAME = AppIcon;
				ASSETCATALOG_COMPILER_GLOBAL_ACCENT_COLOR_NAME = AccentColor;
				CODE_SIGN_ENTITLEMENTS = Zanzibar/Zanzibar.entitlements;
				CODE_SIGN_STYLE = Automatic;
				CURRENT_PROJECT_VERSION = 1;
				DEVELOPMENT_ASSET_PATHS = "\"Zanzibar/Preview Content\"";
				DEVELOPMENT_TEAM = A397Q3FW3Q;
				ENABLE_PREVIEWS = YES;
				GENERATE_INFOPLIST_FILE = YES;
				INFOPLIST_KEY_UIApplicationSceneManifest_Generation = YES;
				INFOPLIST_KEY_UIApplicationSupportsIndirectInputEvents = YES;
				INFOPLIST_KEY_UILaunchScreen_Generation = YES;
				INFOPLIST_KEY_UISupportedInterfaceOrientations_iPad = "UIInterfaceOrientationPortrait UIInterfaceOrientationPortraitUpsideDown UIInterfaceOrientationLandscapeLeft UIInterfaceOrientationLandscapeRight";
				INFOPLIST_KEY_UISupportedInterfaceOrientations_iPhone = "UIInterfaceOrientationPortrait UIInterfaceOrientationLandscapeLeft UIInterfaceOrientationLandscapeRight";
				LD_RUNPATH_SEARCH_PATHS = (
					"$(inherited)",
					"@executable_path/Frameworks",
				);
				MARKETING_VERSION = 1.0;
				PRODUCT_BUNDLE_IDENTIFIER = vn.edu.rmit.alice.Zanzibar;
				PRODUCT_NAME = "$(TARGET_NAME)";
				SUPPORTS_MACCATALYST = YES;
				SWIFT_EMIT_LOC_STRINGS = YES;
				SWIFT_VERSION = 5.0;
				TARGETED_DEVICE_FAMILY = "1,2";
			};
			name = Release;
		};
/* End XCBuildConfiguration section */

/* Begin XCConfigurationList section */
		F4AD593928BB7951000E4DB1 /* Build configuration list for PBXProject "Zanzibar" */ = {
			isa = XCConfigurationList;
			buildConfigurations = (
				F4AD594A28BB7952000E4DB1 /* Debug */,
				F4AD594B28BB7952000E4DB1 /* Release */,
			);
			defaultConfigurationIsVisible = 0;
			defaultConfigurationName = Release;
		};
		F4AD594C28BB7952000E4DB1 /* Build configuration list for PBXNativeTarget "Zanzibar" */ = {
			isa = XCConfigurationList;
			buildConfigurations = (
				F4AD594D28BB7952000E4DB1 /* Debug */,
				F4AD594E28BB7952000E4DB1 /* Release */,
			);
			defaultConfigurationIsVisible = 0;
			defaultConfigurationName = Release;
		};
/* End XCConfigurationList section */
	};
	rootObject = F4AD593628BB7951000E4DB1 /* Project object */;
}
